
Microsoft Visual Studio Solution File, Format Version 12.00
# Visual Studio Version 17
VisualStudioVersion = 17.14.37111.16 d17.14
MinimumVisualStudioVersion = 10.0.40219.1
Project("{2150E333-8FDC-42A3-9474-1A3956D46DE8}") = "Task0", "Task0", "{02EA681E-C7D8-13C7-8484-4AC65E1B71E8}"
EndProject
Project("{FAE04EC0-301F-11D3-BF4B-00C04F79EFBC}") = "Tyuiu.MautalievSI.Sprint5.Task0.V30.Lib", "Tyuiu.MautalievSI.Sprint5.Task0.V30.Lib\Tyuiu.MautalievSI.Sprint5.Task0.V30.Lib.csproj", "{C5DA4530-F018-461D-8861-959BD49E0798}"
EndProject
Project("{FAE04EC0-301F-11D3-BF4B-00C04F79EFBC}") = "Tyuiu.MautalievSI.Sprint5.Task0.V30.Test", "Tyuiu.MautalievSI.Sprint5.Task0.V30.Test\Tyuiu.MautalievSI.Sprint5.Task0.V30.Test.csproj", "{62588BB0-22C0-4695-93C4-B516D5EB9EA2}"
EndProject
Project("{FAE04EC0-301F-11D3-BF4B-00C04F79EFBC}") = "Tyuiu.MautalievSI.Sprint5.Task0.V30", "Tyuiu.MautalievSI.Sprint5.Task0.V30\Tyuiu.MautalievSI.Sprint5.Task0.V30.csproj", "{F3A1967D-9119-4105-8FAA-90186FFF427E}"
EndProject
Project("{2150E333-8FDC-42A3-9474-1A3956D46DE8}") = "Task1", "Task1", "{DE9F1533-FB72-4E8F-8CFE-E39F70706852}"
EndProject
Project("{FAE04EC0-301F-11D3-BF4B-00C04F79EFBC}") = "Tyuiu.MautalievSI.Sprint5.Task1.V11.Lib", "Tyuiu.MautalievSI.Sprint5.Task1.V11.Lib\Tyuiu.MautalievSI.Sprint5.Task1.V11.Lib.csproj", "{BB3877C3-14D1-46A4-ACF0-297200DE54E4}"
EndProject
Project("{FAE04EC0-301F-11D3-BF4B-00C04F79EFBC}") = "Tyuiu.MautalievSI.Sprint5.Task1.V11.Test", "Tyuiu.MautalievSI.Sprint5.Task1.V11.Test\Tyuiu.MautalievSI.Sprint5.Task1.V11.Test.csproj", "{75F12941-C1DC-4675-BFCE-0B9C3CD5425C}"
EndProject
Project("{FAE04EC0-301F-11D3-BF4B-00C04F79EFBC}") = "Tyuiu.MautalievSI.Sprint5.Task1.V11", "Tyuiu.MautalievSI.Sprint5.Task1.V11\Tyuiu.MautalievSI.Sprint5.Task1.V11.csproj", "{34A31903-C348-4B07-8523-E85CC80C87E4}"
EndProject
Project("{2150E333-8FDC-42A3-9474-1A3956D46DE8}") = "Task2", "Task2", "{9FC73AD0-1F55-4B4B-BD5B-B978C25FCBE1}"
EndProject
Project("{FAE04EC0-301F-11D3-BF4B-00C04F79EFBC}") = "Tyuiu.MautalievSI.Sprint5.Task2.V8", "Tyuiu.MautalievSI.Sprint5.Task2.V8\Tyuiu.MautalievSI.Sprint5.Task2.V8.csproj", "{CE47B3D8-916B-45BC-8B70-4883EB0B9ABB}"
EndProject
Project("{FAE04EC0-301F-11D3-BF4B-00C04F79EFBC}") = "Tyuiu.MautalievSI.Sprint5.Task2.V8.Lib", "Tyuiu.MautalievSI.Sprint5.Task2.V8.Lib\Tyuiu.MautalievSI.Sprint5.Task2.V8.Lib.csproj", "{089967D0-E51F-4D25-9FB6-4C1DDAF22218}"
EndProject
Project("{FAE04EC0-301F-11D3-BF4B-00C04F79EFBC}") = "Tyuiu.MautalievSI.Sprint5.Task2.V8.Test", "Tyuiu.MautalievSI.Sprint5.Task2.V8.Test\Tyuiu.MautalievSI.Sprint5.Task2.V8.Test.csproj", "{C5853775-9249-4F39-B229-6D34D67B2D65}"
EndProject
Project("{2150E333-8FDC-42A3-9474-1A3956D46DE8}") = "Task3", "Task3", "{6BB7DFC6-67EF-42D3-9E3C-2D49913F49EE}"
EndProject
Project("{FAE04EC0-301F-11D3-BF4B-00C04F79EFBC}") = "Tyuiu.MautalievSI.Sprint5.Task3.V24", "Tyuiu.MautalievSI.Sprint5.Task3.V24\Tyuiu.MautalievSI.Sprint5.Task3.V24.csproj", "{4A9EC878-B44C-4BD6-BA5B-B71204C4C370}"
EndProject
Project("{FAE04EC0-301F-11D3-BF4B-00C04F79EFBC}") = "Tyuiu.MautalievSI.Sprint5.Task3.V24.Test", "Tyuiu.MautalievSI.Sprint5.Task3.V24.Test\Tyuiu.MautalievSI.Sprint5.Task3.V24.Test.csproj", "{C3B71BB9-C342-41BB-B352-278D924D3D0D}"
EndProject
Project("{FAE04EC0-301F-11D3-BF4B-00C04F79EFBC}") = "Tyuiu.MautalievSI.Sprint5.Task3.V24.Lib", "Tyuiu.MautalievSI.Sprint5.Task3.V24.Lib\Tyuiu.MautalievSI.Sprint5.Task3.V24.Lib.csproj", "{421A17AA-5ECE-452D-B833-47F642C3DCE0}"
EndProject
Project("{2150E333-8FDC-42A3-9474-1A3956D46DE8}") = "Task4", "Task4", "{EFC56DB3-D4D8-4F24-A1E2-8E1C4F2A47B4}"
EndProject
Project("{FAE04EC0-301F-11D3-BF4B-00C04F79EFBC}") = "Tyuiu.MautalievSI.Sprint5.Task4.V9", "Tyuiu.MautalievSI.Sprint5.Task4.V9\Tyuiu.MautalievSI.Sprint5.Task4.V9.csproj", "{19F6E045-FA1C-4EA4-BA95-717E4EA45A3E}"
EndProject
Project("{FAE04EC0-301F-11D3-BF4B-00C04F79EFBC}") = "Tyuiu.MautalievSI.Sprint5.Task4.V9.Test", "Tyuiu.MautalievSI.Sprint5.Task4.V9.Test\Tyuiu.MautalievSI.Sprint5.Task4.V9.Test.csproj", "{798CF863-0306-42AE-82EC-DADDDF6F2E2F}"
EndProject
Project("{FAE04EC0-301F-11D3-BF4B-00C04F79EFBC}") = "Tyuiu.MautalievSI.Sprint5.Task4.V9.Lib", "Tyuiu.MautalievSI.Sprint5.Task4.V9.Lib\Tyuiu.MautalievSI.Sprint5.Task4.V9.Lib.csproj", "{82826312-CA79-4D9B-B7F8-F277464131EA}"
EndProject
Project("{2150E333-8FDC-42A3-9474-1A3956D46DE8}") = "Task5", "Task5", "{D4C57088-77AA-4EBB-AD75-6D39EA8BEF6B}"
EndProject
Project("{FAE04EC0-301F-11D3-BF4B-00C04F79EFBC}") = "Tyuiu.MautalievSI.Sprint5.Task5.V1", "Tyuiu.MautalievSI.Sprint5.Task5.V1\Tyuiu.MautalievSI.Sprint5.Task5.V1.csproj", "{37A52FE5-B5B1-4BB7-8CB1-E1E69EDAEB2D}"
EndProject
Project("{FAE04EC0-301F-11D3-BF4B-00C04F79EFBC}") = "Tyuiu.MautalievSI.Sprint5.Task5.V1.Test", "Tyuiu.MautalievSI.Sprint5.Task5.V1.Test\Tyuiu.MautalievSI.Sprint5.Task5.V1.Test.csproj", "{D07ECF14-4E3B-4DDE-8330-A3578FDDB099}"
EndProject
Project("{FAE04EC0-301F-11D3-BF4B-00C04F79EFBC}") = "Tyuiu.MautalievSI.Sprint5.Task5.V1.Lib", "Tyuiu.MautalievSI.Sprint5.Task5.V1.Lib\Tyuiu.MautalievSI.Sprint5.Task5.V1.Lib.csproj", "{F2999794-87A8-44BC-B3BA-BC5A6DCBCC52}"
EndProject
Global
	GlobalSection(SolutionConfigurationPlatforms) = preSolution
		Debug|Any CPU = Debug|Any CPU
		Release|Any CPU = Release|Any CPU
	EndGlobalSection
	GlobalSection(ProjectConfigurationPlatforms) = postSolution
		{C5DA4530-F018-461D-8861-959BD49E0798}.Debug|Any CPU.ActiveCfg = Debug|Any CPU
		{C5DA4530-F018-461D-8861-959BD49E0798}.Debug|Any CPU.Build.0 = Debug|Any CPU
		{C5DA4530-F018-461D-8861-959BD49E0798}.Release|Any CPU.ActiveCfg = Release|Any CPU
		{C5DA4530-F018-461D-8861-959BD49E0798}.Release|Any CPU.Build.0 = Release|Any CPU
		{62588BB0-22C0-4695-93C4-B516D5EB9EA2}.Debug|Any CPU.ActiveCfg = Debug|Any CPU
		{62588BB0-22C0-4695-93C4-B516D5EB9EA2}.Debug|Any CPU.Build.0 = Debug|Any CPU
		{62588BB0-22C0-4695-93C4-B516D5EB9EA2}.Release|Any CPU.ActiveCfg = Release|Any CPU
		{62588BB0-22C0-4695-93C4-B516D5EB9EA2}.Release|Any CPU.Build.0 = Release|Any CPU
		{F3A1967D-9119-4105-8FAA-90186FFF427E}.Debug|Any CPU.ActiveCfg = Debug|Any CPU
		{F3A1967D-9119-4105-8FAA-90186FFF427E}.Debug|Any CPU.Build.0 = Debug|Any CPU
		{F3A1967D-9119-4105-8FAA-90186FFF427E}.Release|Any CPU.ActiveCfg = Release|Any CPU
		{F3A1967D-9119-4105-8FAA-90186FFF427E}.Release|Any CPU.Build.0 = Release|Any CPU
		{BB3877C3-14D1-46A4-ACF0-297200DE54E4}.Debug|Any CPU.ActiveCfg = Debug|Any CPU
		{BB3877C3-14D1-46A4-ACF0-297200DE54E4}.Debug|Any CPU.Build.0 = Debug|Any CPU
		{BB3877C3-14D1-46A4-ACF0-297200DE54E4}.Release|Any CPU.ActiveCfg = Release|Any CPU
		{BB3877C3-14D1-46A4-ACF0-297200DE54E4}.Release|Any CPU.Build.0 = Release|Any CPU
		{75F12941-C1DC-4675-BFCE-0B9C3CD5425C}.Debug|Any CPU.ActiveCfg = Debug|Any CPU
		{75F12941-C1DC-4675-BFCE-0B9C3CD5425C}.Debug|Any CPU.Build.0 = Debug|Any CPU
		{75F12941-C1DC-4675-BFCE-0B9C3CD5425C}.Release|Any CPU.ActiveCfg = Release|Any CPU
		{75F12941-C1DC-4675-BFCE-0B9C3CD5425C}.Release|Any CPU.Build.0 = Release|Any CPU
		{34A31903-C348-4B07-8523-E85CC80C87E4}.Debug|Any CPU.ActiveCfg = Debug|Any CPU
		{34A31903-C348-4B07-8523-E85CC80C87E4}.Debug|Any CPU.Build.0 = Debug|Any CPU
		{34A31903-C348-4B07-8523-E85CC80C87E4}.Release|Any CPU.ActiveCfg = Release|Any CPU
		{34A31903-C348-4B07-8523-E85CC80C87E4}.Release|Any CPU.Build.0 = Release|Any CPU
		{CE47B3D8-916B-45BC-8B70-4883EB0B9ABB}.Debug|Any CPU.ActiveCfg = Debug|Any CPU
		{CE47B3D8-916B-45BC-8B70-4883EB0B9ABB}.Debug|Any CPU.Build.0 = Debug|Any CPU
		{CE47B3D8-916B-45BC-8B70-4883EB0B9ABB}.Release|Any CPU.ActiveCfg = Release|Any CPU
		{CE47B3D8-916B-45BC-8B70-4883EB0B9ABB}.Release|Any CPU.Build.0 = Release|Any CPU
		{089967D0-E51F-4D25-9FB6-4C1DDAF22218}.Debug|Any CPU.ActiveCfg = Debug|Any CPU
		{089967D0-E51F-4D25-9FB6-4C1DDAF22218}.Debug|Any CPU.Build.0 = Debug|Any CPU
		{089967D0-E51F-4D25-9FB6-4C1DDAF22218}.Release|Any CPU.ActiveCfg = Release|Any CPU
		{089967D0-E51F-4D25-9FB6-4C1DDAF22218}.Release|Any CPU.Build.0 = Release|Any CPU
		{C5853775-9249-4F39-B229-6D34D67B2D65}.Debug|Any CPU.ActiveCfg = Debug|Any CPU
		{C5853775-9249-4F39-B229-6D34D67B2D65}.Debug|Any CPU.Build.0 = Debug|Any CPU
		{C5853775-9249-4F39-B229-6D34D67B2D65}.Release|Any CPU.ActiveCfg = Release|Any CPU
		{C5853775-9249-4F39-B229-6D34D67B2D65}.Release|Any CPU.Build.0 = Release|Any CPU
		{4A9EC878-B44C-4BD6-BA5B-B71204C4C370}.Debug|Any CPU.ActiveCfg = Debug|Any CPU
		{4A9EC878-B44C-4BD6-BA5B-B71204C4C370}.Debug|Any CPU.Build.0 = Debug|Any CPU
		{4A9EC878-B44C-4BD6-BA5B-B71204C4C370}.Release|Any CPU.ActiveCfg = Release|Any CPU
		{4A9EC878-B44C-4BD6-BA5B-B71204C4C370}.Release|Any CPU.Build.0 = Release|Any CPU
		{C3B71BB9-C342-41BB-B352-278D924D3D0D}.Debug|Any CPU.ActiveCfg = Debug|Any CPU
		{C3B71BB9-C342-41BB-B352-278D924D3D0D}.Debug|Any CPU.Build.0 = Debug|Any CPU
		{C3B71BB9-C342-41BB-B352-278D924D3D0D}.Release|Any CPU.ActiveCfg = Release|Any CPU
		{C3B71BB9-C342-41BB-B352-278D924D3D0D}.Release|Any CPU.Build.0 = Release|Any CPU
		{421A17AA-5ECE-452D-B833-47F642C3DCE0}.Debug|Any CPU.ActiveCfg = Debug|Any CPU
		{421A17AA-5ECE-452D-B833-47F642C3DCE0}.Debug|Any CPU.Build.0 = Debug|Any CPU
		{421A17AA-5ECE-452D-B833-47F642C3DCE0}.Release|Any CPU.ActiveCfg = Release|Any CPU
		{421A17AA-5ECE-452D-B833-47F642C3DCE0}.Release|Any CPU.Build.0 = Release|Any CPU
		{19F6E045-FA1C-4EA4-BA95-717E4EA45A3E}.Debug|Any CPU.ActiveCfg = Debug|Any CPU
		{19F6E045-FA1C-4EA4-BA95-717E4EA45A3E}.Debug|Any CPU.Build.0 = Debug|Any CPU
		{19F6E045-FA1C-4EA4-BA95-717E4EA45A3E}.Release|Any CPU.ActiveCfg = Release|Any CPU
		{19F6E045-FA1C-4EA4-BA95-717E4EA45A3E}.Release|Any CPU.Build.0 = Release|Any CPU
		{798CF863-0306-42AE-82EC-DADDDF6F2E2F}.Debug|Any CPU.ActiveCfg = Debug|Any CPU
		{798CF863-0306-42AE-82EC-DADDDF6F2E2F}.Debug|Any CPU.Build.0 = Debug|Any CPU
		{798CF863-0306-42AE-82EC-DADDDF6F2E2F}.Release|Any CPU.ActiveCfg = Release|Any CPU
		{798CF863-0306-42AE-82EC-DADDDF6F2E2F}.Release|Any CPU.Build.0 = Release|Any CPU
		{82826312-CA79-4D9B-B7F8-F277464131EA}.Debug|Any CPU.ActiveCfg = Debug|Any CPU
		{82826312-CA79-4D9B-B7F8-F277464131EA}.Debug|Any CPU.Build.0 = Debug|Any CPU
		{82826312-CA79-4D9B-B7F8-F277464131EA}.Release|Any CPU.ActiveCfg = Release|Any CPU
		{82826312-CA79-4D9B-B7F8-F277464131EA}.Release|Any CPU.Build.0 = Release|Any CPU
		{37A52FE5-B5B1-4BB7-8CB1-E1E69EDAEB2D}.Debug|Any CPU.ActiveCfg = Debug|Any CPU
		{37A52FE5-B5B1-4BB7-8CB1-E1E69EDAEB2D}.Debug|Any CPU.Build.0 = Debug|Any CPU
		{37A52FE5-B5B1-4BB7-8CB1-E1E69EDAEB2D}.Release|Any CPU.ActiveCfg = Release|Any CPU
		{37A52FE5-B5B1-4BB7-8CB1-E1E69EDAEB2D}.Release|Any CPU.Build.0 = Release|Any CPU
		{D07ECF14-4E3B-4DDE-8330-A3578FDDB099}.Debug|Any CPU.ActiveCfg = Debug|Any CPU
		{D07ECF14-4E3B-4DDE-8330-A3578FDDB099}.Debug|Any CPU.Build.0 = Debug|Any CPU
		{D07ECF14-4E3B-4DDE-8330-A3578FDDB099}.Release|Any CPU.ActiveCfg = Release|Any CPU
		{D07ECF14-4E3B-4DDE-8330-A3578FDDB099}.Release|Any CPU.Build.0 = Release|Any CPU
		{F2999794-87A8-44BC-B3BA-BC5A6DCBCC52}.Debug|Any CPU.ActiveCfg = Debug|Any CPU
		{F2999794-87A8-44BC-B3BA-BC5A6DCBCC52}.Debug|Any CPU.Build.0 = Debug|Any CPU
		{F2999794-87A8-44BC-B3BA-BC5A6DCBCC52}.Release|Any CPU.ActiveCfg = Release|Any CPU
		{F2999794-87A8-44BC-B3BA-BC5A6DCBCC52}.Release|Any CPU.Build.0 = Release|Any CPU
	EndGlobalSection
	GlobalSection(SolutionProperties) = preSolution
		HideSolutionNode = FALSE
	EndGlobalSection
	GlobalSection(NestedProjects) = preSolution
		{C5DA4530-F018-461D-8861-959BD49E0798} = {02EA681E-C7D8-13C7-8484-4AC65E1B71E8}
		{62588BB0-22C0-4695-93C4-B516D5EB9EA2} = {02EA681E-C7D8-13C7-8484-4AC65E1B71E8}
		{F3A1967D-9119-4105-8FAA-90186FFF427E} = {02EA681E-C7D8-13C7-8484-4AC65E1B71E8}
		{BB3877C3-14D1-46A4-ACF0-297200DE54E4} = {DE9F1533-FB72-4E8F-8CFE-E39F70706852}
		{75F12941-C1DC-4675-BFCE-0B9C3CD5425C} = {DE9F1533-FB72-4E8F-8CFE-E39F70706852}
		{34A31903-C348-4B07-8523-E85CC80C87E4} = {DE9F1533-FB72-4E8F-8CFE-E39F70706852}
		{CE47B3D8-916B-45BC-8B70-4883EB0B9ABB} = {9FC73AD0-1F55-4B4B-BD5B-B978C25FCBE1}
		{089967D0-E51F-4D25-9FB6-4C1DDAF22218} = {9FC73AD0-1F55-4B4B-BD5B-B978C25FCBE1}
		{C5853775-9249-4F39-B229-6D34D67B2D65} = {9FC73AD0-1F55-4B4B-BD5B-B978C25FCBE1}
		{4A9EC878-B44C-4BD6-BA5B-B71204C4C370} = {6BB7DFC6-67EF-42D3-9E3C-2D49913F49EE}
		{C3B71BB9-C342-41BB-B352-278D924D3D0D} = {6BB7DFC6-67EF-42D3-9E3C-2D49913F49EE}
		{421A17AA-5ECE-452D-B833-47F642C3DCE0} = {6BB7DFC6-67EF-42D3-9E3C-2D49913F49EE}
		{19F6E045-FA1C-4EA4-BA95-717E4EA45A3E} = {EFC56DB3-D4D8-4F24-A1E2-8E1C4F2A47B4}
		{798CF863-0306-42AE-82EC-DADDDF6F2E2F} = {EFC56DB3-D4D8-4F24-A1E2-8E1C4F2A47B4}
		{82826312-CA79-4D9B-B7F8-F277464131EA} = {EFC56DB3-D4D8-4F24-A1E2-8E1C4F2A47B4}
		{37A52FE5-B5B1-4BB7-8CB1-E1E69EDAEB2D} = {D4C57088-77AA-4EBB-AD75-6D39EA8BEF6B}
		{D07ECF14-4E3B-4DDE-8330-A3578FDDB099} = {D4C57088-77AA-4EBB-AD75-6D39EA8BEF6B}
		{F2999794-87A8-44BC-B3BA-BC5A6DCBCC52} = {D4C57088-77AA-4EBB-AD75-6D39EA8BEF6B}
	EndGlobalSection
	GlobalSection(ExtensibilityGlobals) = postSolution
		SolutionGuid = {1FD2741C-35B8-479E-B609-DAAE7FC2FBB7}
	EndGlobalSection
EndGlobal
